
Microsoft Visual Studio Solution File, Format Version 12.00
# Visual Studio 15
VisualStudioVersion = 15.0.28307.271
MinimumVisualStudioVersion = 10.0.40219.1
Project("{FAE04EC0-301F-11D3-BF4B-00C04F79EFBC}") = "Asteroids", "Asteroids\Asteroids.csproj", "{C82B83F2-92AD-47B9-BD17-FAD92CFDE1FD}"
EndProject
Project("{FAE04EC0-301F-11D3-BF4B-00C04F79EFBC}") = "App01", "Delegates_Observer\App01.csproj", "{5DEE4EEA-1673-4411-93BA-C5EAE700E1B9}"
EndProject
Global
	GlobalSection(SolutionConfigurationPlatforms) = preSolution
		Debug|Any CPU = Debug|Any CPU
		Release|Any CPU = Release|Any CPU
	EndGlobalSection
	GlobalSection(ProjectConfigurationPlatforms) = postSolution
		{C82B83F2-92AD-47B9-BD17-FAD92CFDE1FD}.Debug|Any CPU.ActiveCfg = Debug|Any CPU
		{C82B83F2-92AD-47B9-BD17-FAD92CFDE1FD}.Debug|Any CPU.Build.0 = Debug|Any CPU
		{C82B83F2-92AD-47B9-BD17-FAD92CFDE1FD}.Release|Any CPU.ActiveCfg = Release|Any CPU
		{C82B83F2-92AD-47B9-BD17-FAD92CFDE1FD}.Release|Any CPU.Build.0 = Release|Any CPU
		{5DEE4EEA-1673-4411-93BA-C5EAE700E1B9}.Debug|Any CPU.ActiveCfg = Debug|Any CPU
		{5DEE4EEA-1673-4411-93BA-C5EAE700E1B9}.Debug|Any CPU.Build.0 = Debug|Any CPU
		{5DEE4EEA-1673-4411-93BA-C5EAE700E1B9}.Release|Any CPU.ActiveCfg = Release|Any CPU
		{5DEE4EEA-1673-4411-93BA-C5EAE700E1B9}.Release|Any CPU.Build.0 = Release|Any CPU
	EndGlobalSection
	GlobalSection(SolutionProperties) = preSolution
		HideSolutionNode = FALSE
	EndGlobalSection
	GlobalSection(ExtensibilityGlobals) = postSolution
		SolutionGuid = {702ACA93-BA47-413A-B7FA-F220A2CD7D8B}
	EndGlobalSection
EndGlobal
